// !$*UTF8*$!
{
	archiveVersion = 1;
	classes = {
	};
	objectVersion = 55;
	objects = {

/* Begin PBXBuildFile section */
		4D461EFA27BFDB1F00B585AB /* AppDelegate.swift in Sources */ = {isa = PBXBuildFile; fileRef = 4D461EF927BFDB1F00B585AB /* AppDelegate.swift */; };
		4D461F0327BFDB2100B585AB /* Assets.xcassets in Resources */ = {isa = PBXBuildFile; fileRef = 4D461F0227BFDB2100B585AB /* Assets.xcassets */; };
		4D461F0627BFDB2100B585AB /* LaunchScreen.storyboard in Resources */ = {isa = PBXBuildFile; fileRef = 4D461F0427BFDB2100B585AB /* LaunchScreen.storyboard */; };
		4D461F2F27BFDDFE00B585AB /* DividerView.swift in Sources */ = {isa = PBXBuildFile; fileRef = 4D461F0E27BFDDFD00B585AB /* DividerView.swift */; };
		4D461F3027BFDDFE00B585AB /* Colors.xcassets in Resources */ = {isa = PBXBuildFile; fileRef = 4D461F1027BFDDFE00B585AB /* Colors.xcassets */; };
		4D461F3127BFDDFE00B585AB /* Color.swift in Sources */ = {isa = PBXBuildFile; fileRef = 4D461F1127BFDDFE00B585AB /* Color.swift */; };
		4D461F3227BFDDFE00B585AB /* Item.swift in Sources */ = {isa = PBXBuildFile; fileRef = 4D461F1327BFDDFE00B585AB /* Item.swift */; };
		4D461F3327BFDDFE00B585AB /* Price.swift in Sources */ = {isa = PBXBuildFile; fileRef = 4D461F1427BFDDFE00B585AB /* Price.swift */; };
		4D461F3427BFDDFE00B585AB /* SizeCalculatable.swift in Sources */ = {isa = PBXBuildFile; fileRef = 4D461F1627BFDDFE00B585AB /* SizeCalculatable.swift */; };
		4D461F3527BFDDFE00B585AB /* ProfileViewController.swift in Sources */ = {isa = PBXBuildFile; fileRef = 4D461F1927BFDDFE00B585AB /* ProfileViewController.swift */; };
		4D461F3627BFDDFE00B585AB /* ItemCell.swift in Sources */ = {isa = PBXBuildFile; fileRef = 4D461F1C27BFDDFE00B585AB /* ItemCell.swift */; };
		4D461F3727BFDDFE00B585AB /* ItemCellModel.swift in Sources */ = {isa = PBXBuildFile; fileRef = 4D461F1E27BFDDFE00B585AB /* ItemCellModel.swift */; };
		4D461F3827BFDDFE00B585AB /* ItemsViewController.swift in Sources */ = {isa = PBXBuildFile; fileRef = 4D461F1F27BFDDFE00B585AB /* ItemsViewController.swift */; };
		4D461F3927BFDDFE00B585AB /* ItemViewController.swift in Sources */ = {isa = PBXBuildFile; fileRef = 4D461F2027BFDDFE00B585AB /* ItemViewController.swift */; };
		4D461F3A27BFDDFE00B585AB /* Font.swift in Sources */ = {isa = PBXBuildFile; fileRef = 4D461F2227BFDDFE00B585AB /* Font.swift */; };
		4D461F3B27BFDDFE00B585AB /* UIButton+setBackgroundColor.swift in Sources */ = {isa = PBXBuildFile; fileRef = 4D461F2527BFDDFE00B585AB /* UIButton+setBackgroundColor.swift */; };
		4D461F3C27BFDDFE00B585AB /* UIView+snapToEdges.swift in Sources */ = {isa = PBXBuildFile; fileRef = 4D461F2727BFDDFE00B585AB /* UIView+snapToEdges.swift */; };
		4D461F3D27BFDDFE00B585AB /* UIView+snapToLayoutGuide.swift in Sources */ = {isa = PBXBuildFile; fileRef = 4D461F2827BFDDFE00B585AB /* UIView+snapToLayoutGuide.swift */; };
		4D461F3E27BFDDFE00B585AB /* UIView+add.swift in Sources */ = {isa = PBXBuildFile; fileRef = 4D461F2927BFDDFE00B585AB /* UIView+add.swift */; };
		4D461F3F27BFDDFE00B585AB /* UIView+positionCenter.swift in Sources */ = {isa = PBXBuildFile; fileRef = 4D461F2A27BFDDFE00B585AB /* UIView+positionCenter.swift */; };
		4D461F4027BFDDFE00B585AB /* String+rect.swift in Sources */ = {isa = PBXBuildFile; fileRef = 4D461F2C27BFDDFE00B585AB /* String+rect.swift */; };
		4D461F4127BFDDFE00B585AB /* NSObject+className.swift in Sources */ = {isa = PBXBuildFile; fileRef = 4D461F2E27BFDDFE00B585AB /* NSObject+className.swift */; };
		7C04D6FF2955D827003CF4B3 /* UIScrollView+addHContent.swift in Sources */ = {isa = PBXBuildFile; fileRef = 7C04D6FE2955D827003CF4B3 /* UIScrollView+addHContent.swift */; };
		7C04D70229560008003CF4B3 /* UIEdgeInsets+all.swift in Sources */ = {isa = PBXBuildFile; fileRef = 7C04D70129560008003CF4B3 /* UIEdgeInsets+all.swift */; };
		7C209A842955C6EB00309F12 /* HStackView.swift in Sources */ = {isa = PBXBuildFile; fileRef = 7C209A832955C6EB00309F12 /* HStackView.swift */; };
		7C209A862955CEC100309F12 /* VStackView.swift in Sources */ = {isa = PBXBuildFile; fileRef = 7C209A852955CEC100309F12 /* VStackView.swift */; };
		7C209A892955D5D700309F12 /* UIScrollView+addVContent.swift in Sources */ = {isa = PBXBuildFile; fileRef = 7C209A882955D5D700309F12 /* UIScrollView+addVContent.swift */; };
/* End PBXBuildFile section */

/* Begin PBXFileReference section */
		4D461EF627BFDB1F00B585AB /* SimpleLayoutExample.app */ = {isa = PBXFileReference; explicitFileType = wrapper.application; includeInIndex = 0; path = SimpleLayoutExample.app; sourceTree = BUILT_PRODUCTS_DIR; };
		4D461EF927BFDB1F00B585AB /* AppDelegate.swift */ = {isa = PBXFileReference; lastKnownFileType = sourcecode.swift; path = AppDelegate.swift; sourceTree = "<group>"; };
		4D461F0227BFDB2100B585AB /* Assets.xcassets */ = {isa = PBXFileReference; lastKnownFileType = folder.assetcatalog; path = Assets.xcassets; sourceTree = "<group>"; };
		4D461F0527BFDB2100B585AB /* Base */ = {isa = PBXFileReference; lastKnownFileType = file.storyboard; name = Base; path = Base.lproj/LaunchScreen.storyboard; sourceTree = "<group>"; };
		4D461F0E27BFDDFD00B585AB /* DividerView.swift */ = {isa = PBXFileReference; fileEncoding = 4; lastKnownFileType = sourcecode.swift; path = DividerView.swift; sourceTree = "<group>"; };
		4D461F1027BFDDFE00B585AB /* Colors.xcassets */ = {isa = PBXFileReference; lastKnownFileType = folder.assetcatalog; path = Colors.xcassets; sourceTree = "<group>"; };
		4D461F1127BFDDFE00B585AB /* Color.swift */ = {isa = PBXFileReference; fileEncoding = 4; lastKnownFileType = sourcecode.swift; path = Color.swift; sourceTree = "<group>"; };
		4D461F1327BFDDFE00B585AB /* Item.swift */ = {isa = PBXFileReference; fileEncoding = 4; lastKnownFileType = sourcecode.swift; path = Item.swift; sourceTree = "<group>"; };
		4D461F1427BFDDFE00B585AB /* Price.swift */ = {isa = PBXFileReference; fileEncoding = 4; lastKnownFileType = sourcecode.swift; path = Price.swift; sourceTree = "<group>"; };
		4D461F1627BFDDFE00B585AB /* SizeCalculatable.swift */ = {isa = PBXFileReference; fileEncoding = 4; lastKnownFileType = sourcecode.swift; path = SizeCalculatable.swift; sourceTree = "<group>"; };
		4D461F1927BFDDFE00B585AB /* ProfileViewController.swift */ = {isa = PBXFileReference; fileEncoding = 4; lastKnownFileType = sourcecode.swift; path = ProfileViewController.swift; sourceTree = "<group>"; };
		4D461F1C27BFDDFE00B585AB /* ItemCell.swift */ = {isa = PBXFileReference; fileEncoding = 4; lastKnownFileType = sourcecode.swift; path = ItemCell.swift; sourceTree = "<group>"; };
		4D461F1E27BFDDFE00B585AB /* ItemCellModel.swift */ = {isa = PBXFileReference; fileEncoding = 4; lastKnownFileType = sourcecode.swift; path = ItemCellModel.swift; sourceTree = "<group>"; };
		4D461F1F27BFDDFE00B585AB /* ItemsViewController.swift */ = {isa = PBXFileReference; fileEncoding = 4; lastKnownFileType = sourcecode.swift; path = ItemsViewController.swift; sourceTree = "<group>"; };
		4D461F2027BFDDFE00B585AB /* ItemViewController.swift */ = {isa = PBXFileReference; fileEncoding = 4; lastKnownFileType = sourcecode.swift; path = ItemViewController.swift; sourceTree = "<group>"; };
		4D461F2227BFDDFE00B585AB /* Font.swift */ = {isa = PBXFileReference; fileEncoding = 4; lastKnownFileType = sourcecode.swift; path = Font.swift; sourceTree = "<group>"; };
		4D461F2527BFDDFE00B585AB /* UIButton+setBackgroundColor.swift */ = {isa = PBXFileReference; fileEncoding = 4; lastKnownFileType = sourcecode.swift; path = "UIButton+setBackgroundColor.swift"; sourceTree = "<group>"; };
		4D461F2727BFDDFE00B585AB /* UIView+snapToEdges.swift */ = {isa = PBXFileReference; fileEncoding = 4; lastKnownFileType = sourcecode.swift; path = "UIView+snapToEdges.swift"; sourceTree = "<group>"; };
		4D461F2827BFDDFE00B585AB /* UIView+snapToLayoutGuide.swift */ = {isa = PBXFileReference; fileEncoding = 4; lastKnownFileType = sourcecode.swift; path = "UIView+snapToLayoutGuide.swift"; sourceTree = "<group>"; };
		4D461F2927BFDDFE00B585AB /* UIView+add.swift */ = {isa = PBXFileReference; fileEncoding = 4; lastKnownFileType = sourcecode.swift; path = "UIView+add.swift"; sourceTree = "<group>"; };
		4D461F2A27BFDDFE00B585AB /* UIView+positionCenter.swift */ = {isa = PBXFileReference; fileEncoding = 4; lastKnownFileType = sourcecode.swift; path = "UIView+positionCenter.swift"; sourceTree = "<group>"; };
		4D461F2C27BFDDFE00B585AB /* String+rect.swift */ = {isa = PBXFileReference; fileEncoding = 4; lastKnownFileType = sourcecode.swift; path = "String+rect.swift"; sourceTree = "<group>"; };
		4D461F2E27BFDDFE00B585AB /* NSObject+className.swift */ = {isa = PBXFileReference; fileEncoding = 4; lastKnownFileType = sourcecode.swift; path = "NSObject+className.swift"; sourceTree = "<group>"; };
		4DEAA0F327BFFCB00035CEDD /* XCTest.framework */ = {isa = PBXFileReference; lastKnownFileType = wrapper.framework; name = XCTest.framework; path = Platforms/iPhoneOS.platform/Developer/Library/Frameworks/XCTest.framework; sourceTree = DEVELOPER_DIR; };
		7C04D6FE2955D827003CF4B3 /* UIScrollView+addHContent.swift */ = {isa = PBXFileReference; lastKnownFileType = sourcecode.swift; path = "UIScrollView+addHContent.swift"; sourceTree = "<group>"; };
		7C04D70129560008003CF4B3 /* UIEdgeInsets+all.swift */ = {isa = PBXFileReference; lastKnownFileType = sourcecode.swift; path = "UIEdgeInsets+all.swift"; sourceTree = "<group>"; };
		7C209A832955C6EB00309F12 /* HStackView.swift */ = {isa = PBXFileReference; lastKnownFileType = sourcecode.swift; path = HStackView.swift; sourceTree = "<group>"; };
		7C209A852955CEC100309F12 /* VStackView.swift */ = {isa = PBXFileReference; lastKnownFileType = sourcecode.swift; path = VStackView.swift; sourceTree = "<group>"; };
		7C209A882955D5D700309F12 /* UIScrollView+addVContent.swift */ = {isa = PBXFileReference; lastKnownFileType = sourcecode.swift; path = "UIScrollView+addVContent.swift"; sourceTree = "<group>"; };
/* End PBXFileReference section */

/* Begin PBXFrameworksBuildPhase section */
		4D461EF327BFDB1F00B585AB /* Frameworks */ = {
			isa = PBXFrameworksBuildPhase;
			buildActionMask = 2147483647;
			files = (
			);
			runOnlyForDeploymentPostprocessing = 0;
		};
/* End PBXFrameworksBuildPhase section */

/* Begin PBXGroup section */
		4D461EED27BFDB1F00B585AB = {
			isa = PBXGroup;
			children = (
				4DEAA0E827BFFB610035CEDD /* SimpleLayout */,
				4D461EF827BFDB1F00B585AB /* SimpleLayoutExample */,
				4D461EF727BFDB1F00B585AB /* Products */,
				4DEAA0F227BFFCB00035CEDD /* Frameworks */,
			);
			sourceTree = "<group>";
		};
		4D461EF727BFDB1F00B585AB /* Products */ = {
			isa = PBXGroup;
			children = (
				4D461EF627BFDB1F00B585AB /* SimpleLayoutExample.app */,
			);
			name = Products;
			sourceTree = "<group>";
		};
		4D461EF827BFDB1F00B585AB /* SimpleLayoutExample */ = {
			isa = PBXGroup;
			children = (
				4D461F0F27BFDDFE00B585AB /* Colors */,
				4D461F2327BFDDFE00B585AB /* Extension */,
				4D461F2127BFDDFE00B585AB /* Fonts */,
				4D461F1227BFDDFE00B585AB /* Models */,
				4D461F1727BFDDFE00B585AB /* Screens */,
				4D461F0D27BFDDFD00B585AB /* Views */,
				4D461EF927BFDB1F00B585AB /* AppDelegate.swift */,
				4D461F0227BFDB2100B585AB /* Assets.xcassets */,
				4D461F0427BFDB2100B585AB /* LaunchScreen.storyboard */,
			);
			path = SimpleLayoutExample;
			sourceTree = "<group>";
		};
		4D461F0D27BFDDFD00B585AB /* Views */ = {
			isa = PBXGroup;
			children = (
			);
			path = Views;
			sourceTree = "<group>";
		};
		4D461F0F27BFDDFE00B585AB /* Colors */ = {
			isa = PBXGroup;
			children = (
				4D461F1027BFDDFE00B585AB /* Colors.xcassets */,
				4D461F1127BFDDFE00B585AB /* Color.swift */,
			);
			path = Colors;
			sourceTree = "<group>";
		};
		4D461F1227BFDDFE00B585AB /* Models */ = {
			isa = PBXGroup;
			children = (
				4D461F1327BFDDFE00B585AB /* Item.swift */,
				4D461F1427BFDDFE00B585AB /* Price.swift */,
			);
			path = Models;
			sourceTree = "<group>";
		};
		4D461F1527BFDDFE00B585AB /* Protocols */ = {
			isa = PBXGroup;
			children = (
				4D461F1627BFDDFE00B585AB /* SizeCalculatable.swift */,
			);
			path = Protocols;
			sourceTree = "<group>";
		};
		4D461F1727BFDDFE00B585AB /* Screens */ = {
			isa = PBXGroup;
			children = (
				4D461F1827BFDDFE00B585AB /* Profile */,
				4D461F1A27BFDDFE00B585AB /* Items */,
			);
			path = Screens;
			sourceTree = "<group>";
		};
		4D461F1827BFDDFE00B585AB /* Profile */ = {
			isa = PBXGroup;
			children = (
				4D461F1927BFDDFE00B585AB /* ProfileViewController.swift */,
			);
			path = Profile;
			sourceTree = "<group>";
		};
		4D461F1A27BFDDFE00B585AB /* Items */ = {
			isa = PBXGroup;
			children = (
				4D461F1B27BFDDFE00B585AB /* Cells */,
				4D461F1D27BFDDFE00B585AB /* Models */,
				4D461F1F27BFDDFE00B585AB /* ItemsViewController.swift */,
				4D461F2027BFDDFE00B585AB /* ItemViewController.swift */,
			);
			path = Items;
			sourceTree = "<group>";
		};
		4D461F1B27BFDDFE00B585AB /* Cells */ = {
			isa = PBXGroup;
			children = (
				4D461F1C27BFDDFE00B585AB /* ItemCell.swift */,
			);
			path = Cells;
			sourceTree = "<group>";
		};
		4D461F1D27BFDDFE00B585AB /* Models */ = {
			isa = PBXGroup;
			children = (
				4D461F1E27BFDDFE00B585AB /* ItemCellModel.swift */,
			);
			path = Models;
			sourceTree = "<group>";
		};
		4D461F2127BFDDFE00B585AB /* Fonts */ = {
			isa = PBXGroup;
			children = (
				4D461F2227BFDDFE00B585AB /* Font.swift */,
			);
			path = Fonts;
			sourceTree = "<group>";
		};
		4D461F2327BFDDFE00B585AB /* Extension */ = {
			isa = PBXGroup;
			children = (
				4D461F2427BFDDFE00B585AB /* UIButton */,
				4D461F2D27BFDDFE00B585AB /* NSObject */,
			);
			path = Extension;
			sourceTree = "<group>";
		};
		4D461F2427BFDDFE00B585AB /* UIButton */ = {
			isa = PBXGroup;
			children = (
				4D461F2527BFDDFE00B585AB /* UIButton+setBackgroundColor.swift */,
			);
			path = UIButton;
			sourceTree = "<group>";
		};
		4D461F2627BFDDFE00B585AB /* UIView */ = {
			isa = PBXGroup;
			children = (
				4D461F2727BFDDFE00B585AB /* UIView+snapToEdges.swift */,
				4D461F2827BFDDFE00B585AB /* UIView+snapToLayoutGuide.swift */,
				4D461F2927BFDDFE00B585AB /* UIView+add.swift */,
				4D461F2A27BFDDFE00B585AB /* UIView+positionCenter.swift */,
			);
			path = UIView;
			sourceTree = "<group>";
		};
		4D461F2B27BFDDFE00B585AB /* String */ = {
			isa = PBXGroup;
			children = (
				4D461F2C27BFDDFE00B585AB /* String+rect.swift */,
			);
			path = String;
			sourceTree = "<group>";
		};
		4D461F2D27BFDDFE00B585AB /* NSObject */ = {
			isa = PBXGroup;
			children = (
				4D461F2E27BFDDFE00B585AB /* NSObject+className.swift */,
			);
			path = NSObject;
			sourceTree = "<group>";
		};
		4DEAA0E827BFFB610035CEDD /* SimpleLayout */ = {
			isa = PBXGroup;
			children = (
				4DEAA0EC27BFFB620035CEDD /* Sources */,
			);
			path = SimpleLayout;
			sourceTree = "<group>";
		};
		4DEAA0EC27BFFB620035CEDD /* Sources */ = {
			isa = PBXGroup;
			children = (
				4DEAA0F127BFFC000035CEDD /* Extensions */,
				4D461F1527BFDDFE00B585AB /* Protocols */,
				7C209A822955C6BE00309F12 /* Views */,
			);
			path = Sources;
			sourceTree = "<group>";
		};
		4DEAA0F127BFFC000035CEDD /* Extensions */ = {
			isa = PBXGroup;
			children = (
				7C04D7002955FFF6003CF4B3 /* UIEdgeInsets */,
				4D461F2B27BFDDFE00B585AB /* String */,
				7C209A872955D59C00309F12 /* UIScrollView */,
				4D461F2627BFDDFE00B585AB /* UIView */,
			);
			path = Extensions;
			sourceTree = "<group>";
		};
		4DEAA0F227BFFCB00035CEDD /* Frameworks */ = {
			isa = PBXGroup;
			children = (
				4DEAA0F327BFFCB00035CEDD /* XCTest.framework */,
			);
			name = Frameworks;
			sourceTree = "<group>";
		};
		7C04D7002955FFF6003CF4B3 /* UIEdgeInsets */ = {
			isa = PBXGroup;
			children = (
				7C04D70129560008003CF4B3 /* UIEdgeInsets+all.swift */,
			);
			path = UIEdgeInsets;
			sourceTree = "<group>";
		};
		7C209A822955C6BE00309F12 /* Views */ = {
			isa = PBXGroup;
			children = (
				4D461F0E27BFDDFD00B585AB /* DividerView.swift */,
				7C209A832955C6EB00309F12 /* HStackView.swift */,
				7C209A852955CEC100309F12 /* VStackView.swift */,
			);
			path = Views;
			sourceTree = "<group>";
		};
		7C209A872955D59C00309F12 /* UIScrollView */ = {
			isa = PBXGroup;
			children = (
				7C04D6FE2955D827003CF4B3 /* UIScrollView+addHContent.swift */,
				7C209A882955D5D700309F12 /* UIScrollView+addVContent.swift */,
			);
			path = UIScrollView;
			sourceTree = "<group>";
		};
/* End PBXGroup section */

/* Begin PBXNativeTarget section */
		4D461EF527BFDB1F00B585AB /* SimpleLayoutExample */ = {
			isa = PBXNativeTarget;
			buildConfigurationList = 4D461F0A27BFDB2100B585AB /* Build configuration list for PBXNativeTarget "SimpleLayoutExample" */;
			buildPhases = (
				4D461EF227BFDB1F00B585AB /* Sources */,
				4D461EF327BFDB1F00B585AB /* Frameworks */,
				4D461EF427BFDB1F00B585AB /* Resources */,
			);
			buildRules = (
			);
			dependencies = (
			);
			name = SimpleLayoutExample;
			productName = SimpleLayout;
			productReference = 4D461EF627BFDB1F00B585AB /* SimpleLayoutExample.app */;
			productType = "com.apple.product-type.application";
		};
/* End PBXNativeTarget section */

/* Begin PBXProject section */
		4D461EEE27BFDB1F00B585AB /* Project object */ = {
			isa = PBXProject;
			attributes = {
				BuildIndependentTargetsInParallel = 1;
				LastSwiftUpdateCheck = 1320;
				LastUpgradeCheck = 1320;
				TargetAttributes = {
					4D461EF527BFDB1F00B585AB = {
						CreatedOnToolsVersion = 13.2.1;
					};
				};
			};
			buildConfigurationList = 4D461EF127BFDB1F00B585AB /* Build configuration list for PBXProject "SimpleLayout" */;
			compatibilityVersion = "Xcode 13.0";
			developmentRegion = en;
			hasScannedForEncodings = 0;
			knownRegions = (
				en,
				Base,
			);
			mainGroup = 4D461EED27BFDB1F00B585AB;
			productRefGroup = 4D461EF727BFDB1F00B585AB /* Products */;
			projectDirPath = "";
			projectRoot = "";
			targets = (
				4D461EF527BFDB1F00B585AB /* SimpleLayoutExample */,
			);
		};
/* End PBXProject section */

/* Begin PBXResourcesBuildPhase section */
		4D461EF427BFDB1F00B585AB /* Resources */ = {
			isa = PBXResourcesBuildPhase;
			buildActionMask = 2147483647;
			files = (
				4D461F0627BFDB2100B585AB /* LaunchScreen.storyboard in Resources */,
				4D461F3027BFDDFE00B585AB /* Colors.xcassets in Resources */,
				4D461F0327BFDB2100B585AB /* Assets.xcassets in Resources */,
			);
			runOnlyForDeploymentPostprocessing = 0;
		};
/* End PBXResourcesBuildPhase section */

/* Begin PBXSourcesBuildPhase section */
		4D461EF227BFDB1F00B585AB /* Sources */ = {
			isa = PBXSourcesBuildPhase;
			buildActionMask = 2147483647;
			files = (
				4D461F3E27BFDDFE00B585AB /* UIView+add.swift in Sources */,
				4D461F3827BFDDFE00B585AB /* ItemsViewController.swift in Sources */,
				4D461F3A27BFDDFE00B585AB /* Font.swift in Sources */,
				7C209A862955CEC100309F12 /* VStackView.swift in Sources */,
				7C04D6FF2955D827003CF4B3 /* UIScrollView+addHContent.swift in Sources */,
				4D461F4027BFDDFE00B585AB /* String+rect.swift in Sources */,
				4D461F3427BFDDFE00B585AB /* SizeCalculatable.swift in Sources */,
				4D461F3C27BFDDFE00B585AB /* UIView+snapToEdges.swift in Sources */,
				4D461F3D27BFDDFE00B585AB /* UIView+snapToLayoutGuide.swift in Sources */,
				7C209A892955D5D700309F12 /* UIScrollView+addVContent.swift in Sources */,
				4D461F3927BFDDFE00B585AB /* ItemViewController.swift in Sources */,
				7C209A842955C6EB00309F12 /* HStackView.swift in Sources */,
				4D461F3327BFDDFE00B585AB /* Price.swift in Sources */,
				4D461EFA27BFDB1F00B585AB /* AppDelegate.swift in Sources */,
				4D461F3627BFDDFE00B585AB /* ItemCell.swift in Sources */,
				4D461F3727BFDDFE00B585AB /* ItemCellModel.swift in Sources */,
				4D461F4127BFDDFE00B585AB /* NSObject+className.swift in Sources */,
				4D461F2F27BFDDFE00B585AB /* DividerView.swift in Sources */,
				4D461F3B27BFDDFE00B585AB /* UIButton+setBackgroundColor.swift in Sources */,
				4D461F3127BFDDFE00B585AB /* Color.swift in Sources */,
				4D461F3527BFDDFE00B585AB /* ProfileViewController.swift in Sources */,
				4D461F3227BFDDFE00B585AB /* Item.swift in Sources */,
				7C04D70229560008003CF4B3 /* UIEdgeInsets+all.swift in Sources */,
				4D461F3F27BFDDFE00B585AB /* UIView+positionCenter.swift in Sources */,
			);
			runOnlyForDeploymentPostprocessing = 0;
		};
/* End PBXSourcesBuildPhase section */

/* Begin PBXVariantGroup section */
		4D461F0427BFDB2100B585AB /* LaunchScreen.storyboard */ = {
			isa = PBXVariantGroup;
			children = (
				4D461F0527BFDB2100B585AB /* Base */,
			);
			name = LaunchScreen.storyboard;
			sourceTree = "<group>";
		};
/* End PBXVariantGroup section */

/* Begin XCBuildConfiguration section */
		4D461F0827BFDB2100B585AB /* Debug */ = {
			isa = XCBuildConfiguration;
			buildSettings = {
				ALWAYS_SEARCH_USER_PATHS = NO;
				CLANG_ANALYZER_NONNULL = YES;
				CLANG_ANALYZER_NUMBER_OBJECT_CONVERSION = YES_AGGRESSIVE;
				CLANG_CXX_LANGUAGE_STANDARD = "gnu++17";
				CLANG_CXX_LIBRARY = "libc++";
				CLANG_ENABLE_MODULES = YES;
				CLANG_ENABLE_OBJC_ARC = YES;
				CLANG_ENABLE_OBJC_WEAK = YES;
				CLANG_WARN_BLOCK_CAPTURE_AUTORELEASING = YES;
				CLANG_WARN_BOOL_CONVERSION = YES;
				CLANG_WARN_COMMA = YES;
				CLANG_WARN_CONSTANT_CONVERSION = YES;
				CLANG_WARN_DEPRECATED_OBJC_IMPLEMENTATIONS = YES;
				CLANG_WARN_DIRECT_OBJC_ISA_USAGE = YES_ERROR;
				CLANG_WARN_DOCUMENTATION_COMMENTS = YES;
				CLANG_WARN_EMPTY_BODY = YES;
				CLANG_WARN_ENUM_CONVERSION = YES;
				CLANG_WARN_INFINITE_RECURSION = YES;
				CLANG_WARN_INT_CONVERSION = YES;
				CLANG_WARN_NON_LITERAL_NULL_CONVERSION = YES;
				CLANG_WARN_OBJC_IMPLICIT_RETAIN_SELF = YES;
				CLANG_WARN_OBJC_LITERAL_CONVERSION = YES;
				CLANG_WARN_OBJC_ROOT_CLASS = YES_ERROR;
				CLANG_WARN_QUOTED_INCLUDE_IN_FRAMEWORK_HEADER = YES;
				CLANG_WARN_RANGE_LOOP_ANALYSIS = YES;
				CLANG_WARN_STRICT_PROTOTYPES = YES;
				CLANG_WARN_SUSPICIOUS_MOVE = YES;
				CLANG_WARN_UNGUARDED_AVAILABILITY = YES_AGGRESSIVE;
				CLANG_WARN_UNREACHABLE_CODE = YES;
				CLANG_WARN__DUPLICATE_METHOD_MATCH = YES;
				COPY_PHASE_STRIP = NO;
				DEBUG_INFORMATION_FORMAT = dwarf;
				ENABLE_STRICT_OBJC_MSGSEND = YES;
				ENABLE_TESTABILITY = YES;
				GCC_C_LANGUAGE_STANDARD = gnu11;
				GCC_DYNAMIC_NO_PIC = NO;
				GCC_NO_COMMON_BLOCKS = YES;
				GCC_OPTIMIZATION_LEVEL = 0;
				GCC_PREPROCESSOR_DEFINITIONS = (
					"DEBUG=1",
					"$(inherited)",
				);
				GCC_WARN_64_TO_32_BIT_CONVERSION = YES;
				GCC_WARN_ABOUT_RETURN_TYPE = YES_ERROR;
				GCC_WARN_UNDECLARED_SELECTOR = YES;
				GCC_WARN_UNINITIALIZED_AUTOS = YES_AGGRESSIVE;
				GCC_WARN_UNUSED_FUNCTION = YES;
				GCC_WARN_UNUSED_VARIABLE = YES;
				IPHONEOS_DEPLOYMENT_TARGET = 12.0;
				MTL_ENABLE_DEBUG_INFO = INCLUDE_SOURCE;
				MTL_FAST_MATH = YES;
				ONLY_ACTIVE_ARCH = YES;
				SDKROOT = iphoneos;
				SWIFT_ACTIVE_COMPILATION_CONDITIONS = DEBUG;
				SWIFT_OPTIMIZATION_LEVEL = "-Onone";
			};
			name = Debug;
		};
		4D461F0927BFDB2100B585AB /* Release */ = {
			isa = XCBuildConfiguration;
			buildSettings = {
				ALWAYS_SEARCH_USER_PATHS = NO;
				CLANG_ANALYZER_NONNULL = YES;
				CLANG_ANALYZER_NUMBER_OBJECT_CONVERSION = YES_AGGRESSIVE;
				CLANG_CXX_LANGUAGE_STANDARD = "gnu++17";
				CLANG_CXX_LIBRARY = "libc++";
				CLANG_ENABLE_MODULES = YES;
				CLANG_ENABLE_OBJC_ARC = YES;
				CLANG_ENABLE_OBJC_WEAK = YES;
				CLANG_WARN_BLOCK_CAPTURE_AUTORELEASING = YES;
				CLANG_WARN_BOOL_CONVERSION = YES;
				CLANG_WARN_COMMA = YES;
				CLANG_WARN_CONSTANT_CONVERSION = YES;
				CLANG_WARN_DEPRECATED_OBJC_IMPLEMENTATIONS = YES;
				CLANG_WARN_DIRECT_OBJC_ISA_USAGE = YES_ERROR;
				CLANG_WARN_DOCUMENTATION_COMMENTS = YES;
				CLANG_WARN_EMPTY_BODY = YES;
				CLANG_WARN_ENUM_CONVERSION = YES;
				CLANG_WARN_INFINITE_RECURSION = YES;
				CLANG_WARN_INT_CONVERSION = YES;
				CLANG_WARN_NON_LITERAL_NULL_CONVERSION = YES;
				CLANG_WARN_OBJC_IMPLICIT_RETAIN_SELF = YES;
				CLANG_WARN_OBJC_LITERAL_CONVERSION = YES;
				CLANG_WARN_OBJC_ROOT_CLASS = YES_ERROR;
				CLANG_WARN_QUOTED_INCLUDE_IN_FRAMEWORK_HEADER = YES;
				CLANG_WARN_RANGE_LOOP_ANALYSIS = YES;
				CLANG_WARN_STRICT_PROTOTYPES = YES;
				CLANG_WARN_SUSPICIOUS_MOVE = YES;
				CLANG_WARN_UNGUARDED_AVAILABILITY = YES_AGGRESSIVE;
				CLANG_WARN_UNREACHABLE_CODE = YES;
				CLANG_WARN__DUPLICATE_METHOD_MATCH = YES;
				COPY_PHASE_STRIP = NO;
				DEBUG_INFORMATION_FORMAT = "dwarf-with-dsym";
				ENABLE_NS_ASSERTIONS = NO;
				ENABLE_STRICT_OBJC_MSGSEND = YES;
				GCC_C_LANGUAGE_STANDARD = gnu11;
				GCC_NO_COMMON_BLOCKS = YES;
				GCC_WARN_64_TO_32_BIT_CONVERSION = YES;
				GCC_WARN_ABOUT_RETURN_TYPE = YES_ERROR;
				GCC_WARN_UNDECLARED_SELECTOR = YES;
				GCC_WARN_UNINITIALIZED_AUTOS = YES_AGGRESSIVE;
				GCC_WARN_UNUSED_FUNCTION = YES;
				GCC_WARN_UNUSED_VARIABLE = YES;
				IPHONEOS_DEPLOYMENT_TARGET = 12.0;
				MTL_ENABLE_DEBUG_INFO = NO;
				MTL_FAST_MATH = YES;
				SDKROOT = iphoneos;
				SWIFT_COMPILATION_MODE = wholemodule;
				SWIFT_OPTIMIZATION_LEVEL = "-O";
				VALIDATE_PRODUCT = YES;
			};
			name = Release;
		};
		4D461F0B27BFDB2100B585AB /* Debug */ = {
			isa = XCBuildConfiguration;
			buildSettings = {
				ASSETCATALOG_COMPILER_APPICON_NAME = AppIcon;
				ASSETCATALOG_COMPILER_GLOBAL_ACCENT_COLOR_NAME = AccentColor;
				CODE_SIGN_STYLE = Automatic;
				CURRENT_PROJECT_VERSION = 1;
				DEVELOPMENT_TEAM = VRMKYRCN57;
				GENERATE_INFOPLIST_FILE = YES;
				INFOPLIST_KEY_UIApplicationSupportsIndirectInputEvents = YES;
				INFOPLIST_KEY_UILaunchStoryboardName = LaunchScreen;
				INFOPLIST_KEY_UISupportedInterfaceOrientations = UIInterfaceOrientationPortrait;
				INFOPLIST_KEY_UISupportedInterfaceOrientations_iPad = "UIInterfaceOrientationPortrait UIInterfaceOrientationPortraitUpsideDown UIInterfaceOrientationLandscapeLeft UIInterfaceOrientationLandscapeRight";
				INFOPLIST_KEY_UISupportedInterfaceOrientations_iPhone = "UIInterfaceOrientationPortrait UIInterfaceOrientationLandscapeLeft UIInterfaceOrientationLandscapeRight";
				LD_RUNPATH_SEARCH_PATHS = (
					"$(inherited)",
					"@executable_path/Frameworks",
				);
				MARKETING_VERSION = 0.1;
				PRODUCT_BUNDLE_IDENTIFIER = com.mark.SimpleLayoutExample;
				PRODUCT_NAME = "$(TARGET_NAME)";
				SWIFT_EMIT_LOC_STRINGS = YES;
				SWIFT_VERSION = 5.0;
				TARGETED_DEVICE_FAMILY = 1;
			};
			name = Debug;
		};
		4D461F0C27BFDB2100B585AB /* Release */ = {
			isa = XCBuildConfiguration;
			buildSettings = {
				ASSETCATALOG_COMPILER_APPICON_NAME = AppIcon;
				ASSETCATALOG_COMPILER_GLOBAL_ACCENT_COLOR_NAME = AccentColor;
				CODE_SIGN_STYLE = Automatic;
				CURRENT_PROJECT_VERSION = 1;
				DEVELOPMENT_TEAM = VRMKYRCN57;
				GENERATE_INFOPLIST_FILE = YES;
				INFOPLIST_KEY_UIApplicationSupportsIndirectInputEvents = YES;
				INFOPLIST_KEY_UILaunchStoryboardName = LaunchScreen;
				INFOPLIST_KEY_UISupportedInterfaceOrientations = UIInterfaceOrientationPortrait;
				INFOPLIST_KEY_UISupportedInterfaceOrientations_iPad = "UIInterfaceOrientationPortrait UIInterfaceOrientationPortraitUpsideDown UIInterfaceOrientationLandscapeLeft UIInterfaceOrientationLandscapeRight";
				INFOPLIST_KEY_UISupportedInterfaceOrientations_iPhone = "UIInterfaceOrientationPortrait UIInterfaceOrientationLandscapeLeft UIInterfaceOrientationLandscapeRight";
				LD_RUNPATH_SEARCH_PATHS = (
					"$(inherited)",
					"@executable_path/Frameworks",
				);
				MARKETING_VERSION = 0.1;
				PRODUCT_BUNDLE_IDENTIFIER = com.mark.SimpleLayoutExample;
				PRODUCT_NAME = "$(TARGET_NAME)";
				SWIFT_EMIT_LOC_STRINGS = YES;
				SWIFT_VERSION = 5.0;
				TARGETED_DEVICE_FAMILY = 1;
			};
			name = Release;
		};
/* End XCBuildConfiguration section */

/* Begin XCConfigurationList section */
		4D461EF127BFDB1F00B585AB /* Build configuration list for PBXProject "SimpleLayout" */ = {
			isa = XCConfigurationList;
			buildConfigurations = (
				4D461F0827BFDB2100B585AB /* Debug */,
				4D461F0927BFDB2100B585AB /* Release */,
			);
			defaultConfigurationIsVisible = 0;
			defaultConfigurationName = Release;
		};
		4D461F0A27BFDB2100B585AB /* Build configuration list for PBXNativeTarget "SimpleLayoutExample" */ = {
			isa = XCConfigurationList;
			buildConfigurations = (
				4D461F0B27BFDB2100B585AB /* Debug */,
				4D461F0C27BFDB2100B585AB /* Release */,
			);
			defaultConfigurationIsVisible = 0;
			defaultConfigurationName = Release;
		};
/* End XCConfigurationList section */
	};
	rootObject = 4D461EEE27BFDB1F00B585AB /* Project object */;
}
